
Microsoft Visual Studio Solution File, Format Version 12.00
# Visual Studio Version 17
VisualStudioVersion = 17.4.33103.184
MinimumVisualStudioVersion = 10.0.40219.1
Project("{FAE04EC0-301F-11D3-BF4B-00C04F79EFBC}") = "WindowsFormsApp9", "WindowsFormsApp9.csproj", "{D0287E30-E9B7-47F7-9EA1-C0B666504E1E}"
EndProject
Global
	GlobalSection(SolutionConfigurationPlatforms) = preSolution
		Debug|Any CPU = Debug|Any CPU
		Release|Any CPU = Release|Any CPU
	EndGlobalSection
	GlobalSection(ProjectConfigurationPlatforms) = postSolution
		{D0287E30-E9B7-47F7-9EA1-C0B666504E1E}.Debug|Any CPU.ActiveCfg = Debug|Any CPU
		{D0287E30-E9B7-47F7-9EA1-C0B666504E1E}.Debug|Any CPU.Build.0 = Debug|Any CPU
		{D0287E30-E9B7-47F7-9EA1-C0B666504E1E}.Release|Any CPU.ActiveCfg = Release|Any CPU
		{D0287E30-E9B7-47F7-9EA1-C0B666504E1E}.Release|Any CPU.Build.0 = Release|Any CPU
	EndGlobalSection
	GlobalSection(SolutionProperties) = preSolution
		HideSolutionNode = FALSE
	EndGlobalSection
	GlobalSection(ExtensibilityGlobals) = postSolution
		SolutionGuid = {FAE449C2-BA77-47AC-9C67-98CFD815E6A6}
	EndGlobalSection
EndGlobal
